
Microsoft Visual Studio Solution File, Format Version 12.00
# Visual Studio Version 17
VisualStudioVersion = 17.11.35312.102
MinimumVisualStudioVersion = 10.0.40219.1
Project("{FAE04EC0-301F-11D3-BF4B-00C04F79EFBC}") = "KuaforYonetimSistemi", "KuaforYonetimSistemi\KuaforYonetimSistemi.csproj", "{DEAE261E-3288-4EB6-8F9C-C2F41B995AC9}"
EndProject
Global
	GlobalSection(SolutionConfigurationPlatforms) = preSolution
		Debug|Any CPU = Debug|Any CPU
		Release|Any CPU = Release|Any CPU
	EndGlobalSection
	GlobalSection(ProjectConfigurationPlatforms) = postSolution
		{DEAE261E-3288-4EB6-8F9C-C2F41B995AC9}.Debug|Any CPU.ActiveCfg = Debug|Any CPU
		{DEAE261E-3288-4EB6-8F9C-C2F41B995AC9}.Debug|Any CPU.Build.0 = Debug|Any CPU
		{DEAE261E-3288-4EB6-8F9C-C2F41B995AC9}.Release|Any CPU.ActiveCfg = Release|Any CPU
		{DEAE261E-3288-4EB6-8F9C-C2F41B995AC9}.Release|Any CPU.Build.0 = Release|Any CPU
	EndGlobalSection
	GlobalSection(SolutionProperties) = preSolution
		HideSolutionNode = FALSE
	EndGlobalSection
	GlobalSection(ExtensibilityGlobals) = postSolution
		SolutionGuid = {DE2DE236-29E3-4836-B8B8-6464AB6A14EB}
	EndGlobalSection
EndGlobal
